
Microsoft Visual Studio Solution File, Format Version 12.00
# Visual Studio Version 17
VisualStudioVersion = 17.5.002.0
MinimumVisualStudioVersion = 10.0.40219.1
Project("{9A19103F-16F7-4668-BE54-9A1E7A4F7556}") = "LibraryApi", "LibraryApi.csproj", "{B6CCEED2-1CAC-4496-AAA3-F0843704011F}"
EndProject
Global
	GlobalSection(SolutionConfigurationPlatforms) = preSolution
		Debug|Any CPU = Debug|Any CPU
		Release|Any CPU = Release|Any CPU
	EndGlobalSection
	GlobalSection(ProjectConfigurationPlatforms) = postSolution
		{B6CCEED2-1CAC-4496-AAA3-F0843704011F}.Debug|Any CPU.ActiveCfg = Debug|Any CPU
		{B6CCEED2-1CAC-4496-AAA3-F0843704011F}.Debug|Any CPU.Build.0 = Debug|Any CPU
		{B6CCEED2-1CAC-4496-AAA3-F0843704011F}.Release|Any CPU.ActiveCfg = Release|Any CPU
		{B6CCEED2-1CAC-4496-AAA3-F0843704011F}.Release|Any CPU.Build.0 = Release|Any CPU
	EndGlobalSection
	GlobalSection(SolutionProperties) = preSolution
		HideSolutionNode = FALSE
	EndGlobalSection
	GlobalSection(ExtensibilityGlobals) = postSolution
		SolutionGuid = {6A5AB6C2-5F0E-42F9-B2B9-6F29219835C5}
	EndGlobalSection
EndGlobal
